{
  "name": "scrollxp",
  "version": "0.0.1-beta1",
  "lockfileVersion": 1,
  "requires": true,
  "dependencies": {
    "core-js": {
      "version": "2.6.11",
      "resolved": "https://registry.npmjs.org/core-js/-/core-js-2.6.11.tgz",
      "integrity": "sha512-5wjnpaT/3dV+XB4borEsnAYQchn00XSgTAWKDkEqv+K8KevjbzmofK6hfJ9TZIlpj2N0xQpazy7PiRQiWHqzWg=="
    },
    "gsap": {
      "version": "2.1.3",
      "resolved": "https://registry.npmjs.org/gsap/-/gsap-2.1.3.tgz",
      "integrity": "sha512-8RFASCqi2FOCBuv7X4o7M6bLdy+1hbR0azg+MG7zz+EVsI+OmJblYsTk0GEepQd2Jg/ItMPiVTibF7r3EVxjZQ=="
    },
    "lodash-es": {
      "version": "4.17.15",
      "resolved": "https://registry.npmjs.org/lodash-es/-/lodash-es-4.17.15.tgz",
      "integrity": "sha512-rlrc3yU3+JNOpZ9zj5pQtxnx2THmvRykwL4Xlxoa8I9lHBlVbbyPhgyPMioxVZ4NqyxaVVtaJnzsyOidQIhyyQ=="
    },
    "scrollmagic": {
      "version": "2.0.7",
      "resolved": "https://registry.npmjs.org/scrollmagic/-/scrollmagic-2.0.7.tgz",
      "integrity": "sha512-Qu23XB3YTBhqbnTIkyVhVAEP/7r2APvW+QFfxCpd6LvJ5byCnlvSMzSeBdpyKbDKXBxVWGE9XFXUTvue3B7VrQ=="
    },
    "smooth-scrollbar": {
      "version": "8.5.2",
      "resolved": "https://registry.npmjs.org/smooth-scrollbar/-/smooth-scrollbar-8.5.2.tgz",
      "integrity": "sha512-8Uxb40zP5W5Vrd6AaHmn8OzCrJ1+EzSNKQXtTqby1m23x6RC8d1tUP+rlH4oJisPO2cgU+Jxjp0HLGqbOJc9BQ==",
      "requires": {
        "core-js": "^2.6.9",
        "lodash-es": "^4.17.15",
        "tslib": "^1.10.0"
      }
    },
    "tslib": {
      "version": "1.13.0",
      "resolved": "https://registry.npmjs.org/tslib/-/tslib-1.13.0.tgz",
      "integrity": "sha512-i/6DQjL8Xf3be4K/E6Wgpekn5Qasl1usyw++dAA35Ue5orEn65VIxOA+YvNNl9HV3qv70T7CNwjODHZrLwvd1Q=="
    }
  }
}
